
Microsoft Visual Studio Solution File, Format Version 12.00
# Visual Studio Version 16
VisualStudioVersion = 16.0.29519.87
MinimumVisualStudioVersion = 10.0.40219.1
Project("{FAE04EC0-301F-11D3-BF4B-00C04F79EFBC}") = "Service", "Service\Service.csproj", "{9DB0C153-63A2-4CE0-B949-51544E657933}"
EndProject
Project("{FAE04EC0-301F-11D3-BF4B-00C04F79EFBC}") = "BussinessLayer", "BussinessLayer\BussinessLayer.csproj", "{39F3FDBD-9D16-4E8F-984E-936F20911AD3}"
EndProject
Project("{FAE04EC0-301F-11D3-BF4B-00C04F79EFBC}") = "BussinessEntities", "BussinessEntities\BussinessEntities.csproj", "{A46957CA-FD12-4438-AEBF-C5C101E885C8}"
EndProject
Project("{FAE04EC0-301F-11D3-BF4B-00C04F79EFBC}") = "ViewModels", "ViewModels\ViewModels.csproj", "{39134BC2-83F4-4DEA-A3FE-ACF7C74C64D9}"
EndProject
Global
	GlobalSection(SolutionConfigurationPlatforms) = preSolution
		Debug|Any CPU = Debug|Any CPU
		Release|Any CPU = Release|Any CPU
	EndGlobalSection
	GlobalSection(ProjectConfigurationPlatforms) = postSolution
		{9DB0C153-63A2-4CE0-B949-51544E657933}.Debug|Any CPU.ActiveCfg = Debug|Any CPU
		{9DB0C153-63A2-4CE0-B949-51544E657933}.Debug|Any CPU.Build.0 = Debug|Any CPU
		{9DB0C153-63A2-4CE0-B949-51544E657933}.Release|Any CPU.ActiveCfg = Release|Any CPU
		{9DB0C153-63A2-4CE0-B949-51544E657933}.Release|Any CPU.Build.0 = Release|Any CPU
		{39F3FDBD-9D16-4E8F-984E-936F20911AD3}.Debug|Any CPU.ActiveCfg = Debug|Any CPU
		{39F3FDBD-9D16-4E8F-984E-936F20911AD3}.Debug|Any CPU.Build.0 = Debug|Any CPU
		{39F3FDBD-9D16-4E8F-984E-936F20911AD3}.Release|Any CPU.ActiveCfg = Release|Any CPU
		{39F3FDBD-9D16-4E8F-984E-936F20911AD3}.Release|Any CPU.Build.0 = Release|Any CPU
		{A46957CA-FD12-4438-AEBF-C5C101E885C8}.Debug|Any CPU.ActiveCfg = Debug|Any CPU
		{A46957CA-FD12-4438-AEBF-C5C101E885C8}.Debug|Any CPU.Build.0 = Debug|Any CPU
		{A46957CA-FD12-4438-AEBF-C5C101E885C8}.Release|Any CPU.ActiveCfg = Release|Any CPU
		{A46957CA-FD12-4438-AEBF-C5C101E885C8}.Release|Any CPU.Build.0 = Release|Any CPU
		{39134BC2-83F4-4DEA-A3FE-ACF7C74C64D9}.Debug|Any CPU.ActiveCfg = Debug|Any CPU
		{39134BC2-83F4-4DEA-A3FE-ACF7C74C64D9}.Debug|Any CPU.Build.0 = Debug|Any CPU
		{39134BC2-83F4-4DEA-A3FE-ACF7C74C64D9}.Release|Any CPU.ActiveCfg = Release|Any CPU
		{39134BC2-83F4-4DEA-A3FE-ACF7C74C64D9}.Release|Any CPU.Build.0 = Release|Any CPU
	EndGlobalSection
	GlobalSection(SolutionProperties) = preSolution
		HideSolutionNode = FALSE
	EndGlobalSection
	GlobalSection(ExtensibilityGlobals) = postSolution
		SolutionGuid = {B9CB8F8F-9FDB-461D-8B27-F21DBB2A32B5}
	EndGlobalSection
EndGlobal
